
Microsoft Visual Studio Solution File, Format Version 12.00
# Visual Studio 2012
Project("{FAE04EC0-301F-11D3-BF4B-00C04F79EFBC}") = "Dian chai system", "Dian chai system\Dian chai system.csproj", "{8E0918C4-495A-42F5-8621-0B862CF76188}"
EndProject
Project("{54435603-DBB4-11D2-8724-00A0C9A8B90C}") = "Setup2", "Setup2\Setup2.vdproj", "{13F87807-5098-469E-93F4-175CE7F98F40}"
EndProject
Global
	GlobalSection(SolutionConfigurationPlatforms) = preSolution
		Debug|Any CPU = Debug|Any CPU
		Release|Any CPU = Release|Any CPU
	EndGlobalSection
	GlobalSection(ProjectConfigurationPlatforms) = postSolution
		{8E0918C4-495A-42F5-8621-0B862CF76188}.Debug|Any CPU.ActiveCfg = Debug|Any CPU
		{8E0918C4-495A-42F5-8621-0B862CF76188}.Debug|Any CPU.Build.0 = Debug|Any CPU
		{8E0918C4-495A-42F5-8621-0B862CF76188}.Release|Any CPU.ActiveCfg = Release|Any CPU
		{8E0918C4-495A-42F5-8621-0B862CF76188}.Release|Any CPU.Build.0 = Release|Any CPU
		{13F87807-5098-469E-93F4-175CE7F98F40}.Debug|Any CPU.ActiveCfg = Debug
		{13F87807-5098-469E-93F4-175CE7F98F40}.Release|Any CPU.ActiveCfg = Release
	EndGlobalSection
	GlobalSection(SolutionProperties) = preSolution
		HideSolutionNode = FALSE
	EndGlobalSection
	GlobalSection(ExtensibilityGlobals) = postSolution
		SolutionGuid = {45FFB2CF-EEDA-4588-98DD-69C714E7A896}
	EndGlobalSection
EndGlobal
